
Microsoft Visual Studio Solution File, Format Version 12.00
# Visual Studio 14
VisualStudioVersion = 14.0.25123.0
MinimumVisualStudioVersion = 10.0.40219.1
Project("{CBA6E2DE-F166-46A0-8AF3-CA3D8DED1960}") = "Sitecore.Support.29150", "Sitecore.Support.29150\Sitecore.Support.29150.csproj", "{C45695D7-BE26-4D3E-8F97-229B398322BB}"
EndProject
Global
	GlobalSection(SolutionConfigurationPlatforms) = preSolution
		Debug|Any CPU = Debug|Any CPU
		Release|Any CPU = Release|Any CPU
	EndGlobalSection
	GlobalSection(ProjectConfigurationPlatforms) = postSolution
		{C45695D7-BE26-4D3E-8F97-229B398322BB}.Debug|Any CPU.ActiveCfg = Debug|Any CPU
		{C45695D7-BE26-4D3E-8F97-229B398322BB}.Debug|Any CPU.Build.0 = Debug|Any CPU
		{C45695D7-BE26-4D3E-8F97-229B398322BB}.Release|Any CPU.ActiveCfg = Release|Any CPU
		{C45695D7-BE26-4D3E-8F97-229B398322BB}.Release|Any CPU.Build.0 = Release|Any CPU
	EndGlobalSection
	GlobalSection(SolutionProperties) = preSolution
		HideSolutionNode = FALSE
	EndGlobalSection
EndGlobal
